# This file is autogenerated, do not edit; changes may be undone by the next 'dep ensure'.


[[projects]]
  branch = "master"
  name = "github.com/aphistic/golf"
  packages = ["."]
  revision = "02c07f170c5a8a0300a199a10bb04a55c721c017"

[[projects]]
  name = "github.com/google/uuid"
  packages = ["."]
  revision = "064e2069ce9c359c118179501254f67d7d37ba24"
  version = "0.2"

[[projects]]
  branch = "master"
  name = "github.com/kardianos/osext"
  packages = ["."]
  revision = "ae77be60afb1dcacde03767a8c37337fad28ac14"

[[projects]]
  branch = "master"
  name = "github.com/kardianos/service"
  packages = ["."]
  revision = "615a14ed75099c9eaac6949e22ac2341bf9d3197"

[[projects]]
  branch = "master"
  name = "golang.org/x/sys"
  packages = ["windows","windows/registry","windows/svc","windows/svc/eventlog","windows/svc/mgr"]
  revision = "1b2967e3c290b7c545b3db0deeda16e9be4f98a2"

[solve-meta]
  analyzer-name = "dep"
  analyzer-version = 1
  inputs-digest = "2a57ace210fe034daea01265f78b25f89b98f1f06cbbfc218fb58d1a340a55ae"
  solver-name = "gps-cdcl"
  solver-version = 1
